
Microsoft Visual Studio Solution File, Format Version 12.00
# Visual Studio Version 17
VisualStudioVersion = 17.6.33829.357
MinimumVisualStudioVersion = 10.0.40219.1
Project("{9A19103F-16F7-4668-BE54-9A1E7A4F7556}") = "DotnetBootcamp.Core", "DotnetBootcamp.Core\DotnetBootcamp.Core.csproj", "{E8AD227F-F366-4EBB-8313-8FB718EAC532}"
EndProject
Project("{9A19103F-16F7-4668-BE54-9A1E7A4F7556}") = "DotnetBootcamp.Repository", "DotnetBootcamp.Repository\DotnetBootcamp.Repository.csproj", "{B4BD37D6-652E-46F6-BF19-1457C6EFD586}"
EndProject
Project("{9A19103F-16F7-4668-BE54-9A1E7A4F7556}") = "DotnetBootcamp.Service", "DotnetBootcamp.Service\DotnetBootcamp.Service.csproj", "{23684479-A729-43E6-AD0A-2B823627017B}"
EndProject
Project("{9A19103F-16F7-4668-BE54-9A1E7A4F7556}") = "DotnetBootcamp.API", "DotnetBootcamp.API\DotnetBootcamp.API.csproj", "{DD8875E1-B3FC-4977-9F1F-28A6C6467DE1}"
EndProject
Project("{FAE04EC0-301F-11D3-BF4B-00C04F79EFBC}") = "DotnetBootcamp.Test", "DotnetBootcamp.Test\DotnetBootcamp.Test.csproj", "{0BC019DD-D52B-4783-A10E-CA2E98749E72}"
EndProject
Global
	GlobalSection(SolutionConfigurationPlatforms) = preSolution
		Debug|Any CPU = Debug|Any CPU
		Release|Any CPU = Release|Any CPU
	EndGlobalSection
	GlobalSection(ProjectConfigurationPlatforms) = postSolution
		{E8AD227F-F366-4EBB-8313-8FB718EAC532}.Debug|Any CPU.ActiveCfg = Debug|Any CPU
		{E8AD227F-F366-4EBB-8313-8FB718EAC532}.Debug|Any CPU.Build.0 = Debug|Any CPU
		{E8AD227F-F366-4EBB-8313-8FB718EAC532}.Release|Any CPU.ActiveCfg = Release|Any CPU
		{E8AD227F-F366-4EBB-8313-8FB718EAC532}.Release|Any CPU.Build.0 = Release|Any CPU
		{B4BD37D6-652E-46F6-BF19-1457C6EFD586}.Debug|Any CPU.ActiveCfg = Debug|Any CPU
		{B4BD37D6-652E-46F6-BF19-1457C6EFD586}.Debug|Any CPU.Build.0 = Debug|Any CPU
		{B4BD37D6-652E-46F6-BF19-1457C6EFD586}.Release|Any CPU.ActiveCfg = Release|Any CPU
		{B4BD37D6-652E-46F6-BF19-1457C6EFD586}.Release|Any CPU.Build.0 = Release|Any CPU
		{23684479-A729-43E6-AD0A-2B823627017B}.Debug|Any CPU.ActiveCfg = Debug|Any CPU
		{23684479-A729-43E6-AD0A-2B823627017B}.Debug|Any CPU.Build.0 = Debug|Any CPU
		{23684479-A729-43E6-AD0A-2B823627017B}.Release|Any CPU.ActiveCfg = Release|Any CPU
		{23684479-A729-43E6-AD0A-2B823627017B}.Release|Any CPU.Build.0 = Release|Any CPU
		{DD8875E1-B3FC-4977-9F1F-28A6C6467DE1}.Debug|Any CPU.ActiveCfg = Debug|Any CPU
		{DD8875E1-B3FC-4977-9F1F-28A6C6467DE1}.Debug|Any CPU.Build.0 = Debug|Any CPU
		{DD8875E1-B3FC-4977-9F1F-28A6C6467DE1}.Release|Any CPU.ActiveCfg = Release|Any CPU
		{DD8875E1-B3FC-4977-9F1F-28A6C6467DE1}.Release|Any CPU.Build.0 = Release|Any CPU
		{0BC019DD-D52B-4783-A10E-CA2E98749E72}.Debug|Any CPU.ActiveCfg = Debug|Any CPU
		{0BC019DD-D52B-4783-A10E-CA2E98749E72}.Debug|Any CPU.Build.0 = Debug|Any CPU
		{0BC019DD-D52B-4783-A10E-CA2E98749E72}.Release|Any CPU.ActiveCfg = Release|Any CPU
		{0BC019DD-D52B-4783-A10E-CA2E98749E72}.Release|Any CPU.Build.0 = Release|Any CPU
	EndGlobalSection
	GlobalSection(SolutionProperties) = preSolution
		HideSolutionNode = FALSE
	EndGlobalSection
	GlobalSection(ExtensibilityGlobals) = postSolution
		SolutionGuid = {35D6A98C-6875-4299-8562-CA3D472D75B8}
	EndGlobalSection
EndGlobal
